{
  "object": {
    "pins": [
      {
        "package": "Stripe",
        "repositoryURL": "https://github.com/stripe/stripe-ios-spm",
        "state": {
          "branch": null,
          "revision": "023bf5968b6604d2030827ed96c2b0cbe613c95a",
          "version": "23.0.0"
        }
      }
    ]
  },
  "version": 1
}
